
Microsoft Visual Studio Solution File, Format Version 10.00
# Visual Studio 2008
Project("{FAE04EC0-301F-11D3-BF4B-00C04F79EFBC}") = "Forza Studio", "Forza Studio.csproj", "{53E6CCA9-7838-4923-A3E1-F7618EF7C894}"
EndProject
Global
	GlobalSection(SolutionConfigurationPlatforms) = preSolution
		Debug|Any CPU = Debug|Any CPU
		Release|Any CPU = Release|Any CPU
	EndGlobalSection
	GlobalSection(ProjectConfigurationPlatforms) = postSolution
		{53E6CCA9-7838-4923-A3E1-F7618EF7C894}.Debug|Any CPU.ActiveCfg = Debug|Any CPU
		{53E6CCA9-7838-4923-A3E1-F7618EF7C894}.Debug|Any CPU.Build.0 = Debug|Any CPU
		{53E6CCA9-7838-4923-A3E1-F7618EF7C894}.Release|Any CPU.ActiveCfg = Release|Any CPU
		{53E6CCA9-7838-4923-A3E1-F7618EF7C894}.Release|Any CPU.Build.0 = Release|Any CPU
	EndGlobalSection
	GlobalSection(SolutionProperties) = preSolution
		HideSolutionNode = FALSE
	EndGlobalSection
EndGlobal
